// !$*UTF8*$!
{
	archiveVersion = 1;
	classes = {
	};
	objectVersion = 46;
	objects = {

/* Begin PBXBuildFile section */
		971922DF1C6D66C1000987B8 /* AppDelegate.swift in Sources */ = {isa = PBXBuildFile; fileRef = 971922DE1C6D66C1000987B8 /* AppDelegate.swift */; };
		971922E11C6D66C1000987B8 /* art.scnassets in Resources */ = {isa = PBXBuildFile; fileRef = 971922E01C6D66C1000987B8 /* art.scnassets */; };
		971922E31C6D66C1000987B8 /* GameViewController.swift in Sources */ = {isa = PBXBuildFile; fileRef = 971922E21C6D66C1000987B8 /* GameViewController.swift */; };
		971922E61C6D66C1000987B8 /* Main.storyboard in Resources */ = {isa = PBXBuildFile; fileRef = 971922E41C6D66C1000987B8 /* Main.storyboard */; };
		971922E81C6D66C1000987B8 /* Assets.xcassets in Resources */ = {isa = PBXBuildFile; fileRef = 971922E71C6D66C1000987B8 /* Assets.xcassets */; };
		971922EB1C6D66C1000987B8 /* LaunchScreen.storyboard in Resources */ = {isa = PBXBuildFile; fileRef = 971922E91C6D66C1000987B8 /* LaunchScreen.storyboard */; };
		971922F61C6D66C1000987B8 /* Jumping_ManTests.swift in Sources */ = {isa = PBXBuildFile; fileRef = 971922F51C6D66C1000987B8 /* Jumping_ManTests.swift */; };
		971923011C6D66C1000987B8 /* Jumping_ManUITests.swift in Sources */ = {isa = PBXBuildFile; fileRef = 971923001C6D66C1000987B8 /* Jumping_ManUITests.swift */; };
		9719230F1C6D7FE5000987B8 /* GameScene.swift in Sources */ = {isa = PBXBuildFile; fileRef = 9719230E1C6D7FE5000987B8 /* GameScene.swift */; };
		971923111C6D878E000987B8 /* CSMovingGround.swift in Sources */ = {isa = PBXBuildFile; fileRef = 971923101C6D878E000987B8 /* CSMovingGround.swift */; };
		971923131C6D9236000987B8 /* CSHero.swift in Sources */ = {isa = PBXBuildFile; fileRef = 971923121C6D9236000987B8 /* CSHero.swift */; };
		971923151C6F9A83000987B8 /* Constants.swift in Sources */ = {isa = PBXBuildFile; fileRef = 971923141C6F9A83000987B8 /* Constants.swift */; };
		971923171C6F9E02000987B8 /* CSCloudGenerator.swift in Sources */ = {isa = PBXBuildFile; fileRef = 971923161C6F9E02000987B8 /* CSCloudGenerator.swift */; };
		971923191C6F9F0D000987B8 /* CSCloud.swift in Sources */ = {isa = PBXBuildFile; fileRef = 971923181C6F9F0D000987B8 /* CSCloud.swift */; };
		9719231E1C6FB5E4000987B8 /* CSWallGenerator.swift in Sources */ = {isa = PBXBuildFile; fileRef = 9719231D1C6FB5E4000987B8 /* CSWallGenerator.swift */; };
		971923201C6FB5F0000987B8 /* CSWall.swift in Sources */ = {isa = PBXBuildFile; fileRef = 9719231F1C6FB5F0000987B8 /* CSWall.swift */; };
/* End PBXBuildFile section */

/* Begin PBXContainerItemProxy section */
		971922F21C6D66C1000987B8 /* PBXContainerItemProxy */ = {
			isa = PBXContainerItemProxy;
			containerPortal = 971922D31C6D66C1000987B8 /* Project object */;
			proxyType = 1;
			remoteGlobalIDString = 971922DA1C6D66C1000987B8;
			remoteInfo = "Jumping Man";
		};
		971922FD1C6D66C1000987B8 /* PBXContainerItemProxy */ = {
			isa = PBXContainerItemProxy;
			containerPortal = 971922D31C6D66C1000987B8 /* Project object */;
			proxyType = 1;
			remoteGlobalIDString = 971922DA1C6D66C1000987B8;
			remoteInfo = "Jumping Man";
		};
/* End PBXContainerItemProxy section */

/* Begin PBXFileReference section */
		971922DB1C6D66C1000987B8 /* Jumping Man.app */ = {isa = PBXFileReference; explicitFileType = wrapper.application; includeInIndex = 0; path = "Jumping Man.app"; sourceTree = BUILT_PRODUCTS_DIR; };
		971922DE1C6D66C1000987B8 /* AppDelegate.swift */ = {isa = PBXFileReference; lastKnownFileType = sourcecode.swift; path = AppDelegate.swift; sourceTree = "<group>"; };
		971922E01C6D66C1000987B8 /* art.scnassets */ = {isa = PBXFileReference; lastKnownFileType = wrapper.scnassets; path = art.scnassets; sourceTree = "<group>"; };
		971922E21C6D66C1000987B8 /* GameViewController.swift */ = {isa = PBXFileReference; lastKnownFileType = sourcecode.swift; path = GameViewController.swift; sourceTree = "<group>"; };
		971922E51C6D66C1000987B8 /* Base */ = {isa = PBXFileReference; lastKnownFileType = file.storyboard; name = Base; path = Base.lproj/Main.storyboard; sourceTree = "<group>"; };
		971922E71C6D66C1000987B8 /* Assets.xcassets */ = {isa = PBXFileReference; lastKnownFileType = folder.assetcatalog; path = Assets.xcassets; sourceTree = "<group>"; };
		971922EA1C6D66C1000987B8 /* Base */ = {isa = PBXFileReference; lastKnownFileType = file.storyboard; name = Base; path = Base.lproj/LaunchScreen.storyboard; sourceTree = "<group>"; };
		971922EC1C6D66C1000987B8 /* Info.plist */ = {isa = PBXFileReference; lastKnownFileType = text.plist.xml; path = Info.plist; sourceTree = "<group>"; };
		971922F11C6D66C1000987B8 /* Jumping ManTests.xctest */ = {isa = PBXFileReference; explicitFileType = wrapper.cfbundle; includeInIndex = 0; path = "Jumping ManTests.xctest"; sourceTree = BUILT_PRODUCTS_DIR; };
		971922F51C6D66C1000987B8 /* Jumping_ManTests.swift */ = {isa = PBXFileReference; lastKnownFileType = sourcecode.swift; path = Jumping_ManTests.swift; sourceTree = "<group>"; };
		971922F71C6D66C1000987B8 /* Info.plist */ = {isa = PBXFileReference; lastKnownFileType = text.plist.xml; path = Info.plist; sourceTree = "<group>"; };
		971922FC1C6D66C1000987B8 /* Jumping ManUITests.xctest */ = {isa = PBXFileReference; explicitFileType = wrapper.cfbundle; includeInIndex = 0; path = "Jumping ManUITests.xctest"; sourceTree = BUILT_PRODUCTS_DIR; };
		971923001C6D66C1000987B8 /* Jumping_ManUITests.swift */ = {isa = PBXFileReference; lastKnownFileType = sourcecode.swift; path = Jumping_ManUITests.swift; sourceTree = "<group>"; };
		971923021C6D66C1000987B8 /* Info.plist */ = {isa = PBXFileReference; lastKnownFileType = text.plist.xml; path = Info.plist; sourceTree = "<group>"; };
		9719230E1C6D7FE5000987B8 /* GameScene.swift */ = {isa = PBXFileReference; fileEncoding = 4; lastKnownFileType = sourcecode.swift; path = GameScene.swift; sourceTree = "<group>"; };
		971923101C6D878E000987B8 /* CSMovingGround.swift */ = {isa = PBXFileReference; fileEncoding = 4; lastKnownFileType = sourcecode.swift; path = CSMovingGround.swift; sourceTree = "<group>"; };
		971923121C6D9236000987B8 /* CSHero.swift */ = {isa = PBXFileReference; fileEncoding = 4; lastKnownFileType = sourcecode.swift; path = CSHero.swift; sourceTree = "<group>"; };
		971923141C6F9A83000987B8 /* Constants.swift */ = {isa = PBXFileReference; fileEncoding = 4; lastKnownFileType = sourcecode.swift; path = Constants.swift; sourceTree = "<group>"; };
		971923161C6F9E02000987B8 /* CSCloudGenerator.swift */ = {isa = PBXFileReference; fileEncoding = 4; lastKnownFileType = sourcecode.swift; path = CSCloudGenerator.swift; sourceTree = "<group>"; };
		971923181C6F9F0D000987B8 /* CSCloud.swift */ = {isa = PBXFileReference; fileEncoding = 4; lastKnownFileType = sourcecode.swift; path = CSCloud.swift; sourceTree = "<group>"; };
		9719231D1C6FB5E4000987B8 /* CSWallGenerator.swift */ = {isa = PBXFileReference; fileEncoding = 4; lastKnownFileType = sourcecode.swift; path = CSWallGenerator.swift; sourceTree = "<group>"; };
		9719231F1C6FB5F0000987B8 /* CSWall.swift */ = {isa = PBXFileReference; fileEncoding = 4; lastKnownFileType = sourcecode.swift; path = CSWall.swift; sourceTree = "<group>"; };
/* End PBXFileReference section */

/* Begin PBXFrameworksBuildPhase section */
		971922D81C6D66C1000987B8 /* Frameworks */ = {
			isa = PBXFrameworksBuildPhase;
			buildActionMask = 2147483647;
			files = (
			);
			runOnlyForDeploymentPostprocessing = 0;
		};
		971922EE1C6D66C1000987B8 /* Frameworks */ = {
			isa = PBXFrameworksBuildPhase;
			buildActionMask = 2147483647;
			files = (
			);
			runOnlyForDeploymentPostprocessing = 0;
		};
		971922F91C6D66C1000987B8 /* Frameworks */ = {
			isa = PBXFrameworksBuildPhase;
			buildActionMask = 2147483647;
			files = (
			);
			runOnlyForDeploymentPostprocessing = 0;
		};
/* End PBXFrameworksBuildPhase section */

/* Begin PBXGroup section */
		971922D21C6D66C1000987B8 = {
			isa = PBXGroup;
			children = (
				971922DD1C6D66C1000987B8 /* Jumping Man */,
				971922F41C6D66C1000987B8 /* Jumping ManTests */,
				971922FF1C6D66C1000987B8 /* Jumping ManUITests */,
				971922DC1C6D66C1000987B8 /* Products */,
			);
			sourceTree = "<group>";
		};
		971922DC1C6D66C1000987B8 /* Products */ = {
			isa = PBXGroup;
			children = (
				971922DB1C6D66C1000987B8 /* Jumping Man.app */,
				971922F11C6D66C1000987B8 /* Jumping ManTests.xctest */,
				971922FC1C6D66C1000987B8 /* Jumping ManUITests.xctest */,
			);
			name = Products;
			sourceTree = "<group>";
		};
		971922DD1C6D66C1000987B8 /* Jumping Man */ = {
			isa = PBXGroup;
			children = (
				971922DE1C6D66C1000987B8 /* AppDelegate.swift */,
				971922E01C6D66C1000987B8 /* art.scnassets */,
				971922E21C6D66C1000987B8 /* GameViewController.swift */,
				9719230E1C6D7FE5000987B8 /* GameScene.swift */,
				971923121C6D9236000987B8 /* CSHero.swift */,
				971923211C6FB5FB000987B8 /* Wall Generator */,
				971923141C6F9A83000987B8 /* Constants.swift */,
				9719231A1C6F9F1E000987B8 /* Cloud Generation */,
				971923101C6D878E000987B8 /* CSMovingGround.swift */,
				971922E41C6D66C1000987B8 /* Main.storyboard */,
				971922E71C6D66C1000987B8 /* Assets.xcassets */,
				971922E91C6D66C1000987B8 /* LaunchScreen.storyboard */,
				971922EC1C6D66C1000987B8 /* Info.plist */,
			);
			path = "Jumping Man";
			sourceTree = "<group>";
		};
		971922F41C6D66C1000987B8 /* Jumping ManTests */ = {
			isa = PBXGroup;
			children = (
				971922F51C6D66C1000987B8 /* Jumping_ManTests.swift */,
				971922F71C6D66C1000987B8 /* Info.plist */,
			);
			path = "Jumping ManTests";
			sourceTree = "<group>";
		};
		971922FF1C6D66C1000987B8 /* Jumping ManUITests */ = {
			isa = PBXGroup;
			children = (
				971923001C6D66C1000987B8 /* Jumping_ManUITests.swift */,
				971923021C6D66C1000987B8 /* Info.plist */,
			);
			path = "Jumping ManUITests";
			sourceTree = "<group>";
		};
		9719231A1C6F9F1E000987B8 /* Cloud Generation */ = {
			isa = PBXGroup;
			children = (
				971923161C6F9E02000987B8 /* CSCloudGenerator.swift */,
				971923181C6F9F0D000987B8 /* CSCloud.swift */,
			);
			name = "Cloud Generation";
			sourceTree = "<group>";
		};
		971923211C6FB5FB000987B8 /* Wall Generator */ = {
			isa = PBXGroup;
			children = (
				9719231D1C6FB5E4000987B8 /* CSWallGenerator.swift */,
				9719231F1C6FB5F0000987B8 /* CSWall.swift */,
			);
			name = "Wall Generator";
			sourceTree = "<group>";
		};
/* End PBXGroup section */

/* Begin PBXNativeTarget section */
		971922DA1C6D66C1000987B8 /* Jumping Man */ = {
			isa = PBXNativeTarget;
			buildConfigurationList = 971923051C6D66C1000987B8 /* Build configuration list for PBXNativeTarget "Jumping Man" */;
			buildPhases = (
				971922D71C6D66C1000987B8 /* Sources */,
				971922D81C6D66C1000987B8 /* Frameworks */,
				971922D91C6D66C1000987B8 /* Resources */,
			);
			buildRules = (
			);
			dependencies = (
			);
			name = "Jumping Man";
			productName = "Jumping Man";
			productReference = 971922DB1C6D66C1000987B8 /* Jumping Man.app */;
			productType = "com.apple.product-type.application";
		};
		971922F01C6D66C1000987B8 /* Jumping ManTests */ = {
			isa = PBXNativeTarget;
			buildConfigurationList = 971923081C6D66C1000987B8 /* Build configuration list for PBXNativeTarget "Jumping ManTests" */;
			buildPhases = (
				971922ED1C6D66C1000987B8 /* Sources */,
				971922EE1C6D66C1000987B8 /* Frameworks */,
				971922EF1C6D66C1000987B8 /* Resources */,
			);
			buildRules = (
			);
			dependencies = (
				971922F31C6D66C1000987B8 /* PBXTargetDependency */,
			);
			name = "Jumping ManTests";
			productName = "Jumping ManTests";
			productReference = 971922F11C6D66C1000987B8 /* Jumping ManTests.xctest */;
			productType = "com.apple.product-type.bundle.unit-test";
		};
		971922FB1C6D66C1000987B8 /* Jumping ManUITests */ = {
			isa = PBXNativeTarget;
			buildConfigurationList = 9719230B1C6D66C1000987B8 /* Build configuration list for PBXNativeTarget "Jumping ManUITests" */;
			buildPhases = (
				971922F81C6D66C1000987B8 /* Sources */,
				971922F91C6D66C1000987B8 /* Frameworks */,
				971922FA1C6D66C1000987B8 /* Resources */,
			);
			buildRules = (
			);
			dependencies = (
				971922FE1C6D66C1000987B8 /* PBXTargetDependency */,
			);
			name = "Jumping ManUITests";
			productName = "Jumping ManUITests";
			productReference = 971922FC1C6D66C1000987B8 /* Jumping ManUITests.xctest */;
			productType = "com.apple.product-type.bundle.ui-testing";
		};
/* End PBXNativeTarget section */

/* Begin PBXProject section */
		971922D31C6D66C1000987B8 /* Project object */ = {
			isa = PBXProject;
			attributes = {
				LastSwiftUpdateCheck = 0720;
				LastUpgradeCheck = 0720;
				ORGANIZATIONNAME = "Chris Searcy";
				TargetAttributes = {
					971922DA1C6D66C1000987B8 = {
						CreatedOnToolsVersion = 7.2.1;
						DevelopmentTeam = XZ85C56WDA;
					};
					971922F01C6D66C1000987B8 = {
						CreatedOnToolsVersion = 7.2.1;
						DevelopmentTeam = XZ85C56WDA;
						TestTargetID = 971922DA1C6D66C1000987B8;
					};
					971922FB1C6D66C1000987B8 = {
						CreatedOnToolsVersion = 7.2.1;
						DevelopmentTeam = XZ85C56WDA;
						TestTargetID = 971922DA1C6D66C1000987B8;
					};
				};
			};
			buildConfigurationList = 971922D61C6D66C1000987B8 /* Build configuration list for PBXProject "Jumping Man" */;
			compatibilityVersion = "Xcode 3.2";
			developmentRegion = English;
			hasScannedForEncodings = 0;
			knownRegions = (
				en,
				Base,
			);
			mainGroup = 971922D21C6D66C1000987B8;
			productRefGroup = 971922DC1C6D66C1000987B8 /* Products */;
			projectDirPath = "";
			projectRoot = "";
			targets = (
				971922DA1C6D66C1000987B8 /* Jumping Man */,
				971922F01C6D66C1000987B8 /* Jumping ManTests */,
				971922FB1C6D66C1000987B8 /* Jumping ManUITests */,
			);
		};
/* End PBXProject section */

/* Begin PBXResourcesBuildPhase section */
		971922D91C6D66C1000987B8 /* Resources */ = {
			isa = PBXResourcesBuildPhase;
			buildActionMask = 2147483647;
			files = (
				971922E11C6D66C1000987B8 /* art.scnassets in Resources */,
				971922EB1C6D66C1000987B8 /* LaunchScreen.storyboard in Resources */,
				971922E81C6D66C1000987B8 /* Assets.xcassets in Resources */,
				971922E61C6D66C1000987B8 /* Main.storyboard in Resources */,
			);
			runOnlyForDeploymentPostprocessing = 0;
		};
		971922EF1C6D66C1000987B8 /* Resources */ = {
			isa = PBXResourcesBuildPhase;
			buildActionMask = 2147483647;
			files = (
			);
			runOnlyForDeploymentPostprocessing = 0;
		};
		971922FA1C6D66C1000987B8 /* Resources */ = {
			isa = PBXResourcesBuildPhase;
			buildActionMask = 2147483647;
			files = (
			);
			runOnlyForDeploymentPostprocessing = 0;
		};
/* End PBXResourcesBuildPhase section */

/* Begin PBXSourcesBuildPhase section */
		971922D71C6D66C1000987B8 /* Sources */ = {
			isa = PBXSourcesBuildPhase;
			buildActionMask = 2147483647;
			files = (
				971923111C6D878E000987B8 /* CSMovingGround.swift in Sources */,
				971923131C6D9236000987B8 /* CSHero.swift in Sources */,
				9719230F1C6D7FE5000987B8 /* GameScene.swift in Sources */,
				971922E31C6D66C1000987B8 /* GameViewController.swift in Sources */,
				971923171C6F9E02000987B8 /* CSCloudGenerator.swift in Sources */,
				971923201C6FB5F0000987B8 /* CSWall.swift in Sources */,
				971923191C6F9F0D000987B8 /* CSCloud.swift in Sources */,
				9719231E1C6FB5E4000987B8 /* CSWallGenerator.swift in Sources */,
				971922DF1C6D66C1000987B8 /* AppDelegate.swift in Sources */,
				971923151C6F9A83000987B8 /* Constants.swift in Sources */,
			);
			runOnlyForDeploymentPostprocessing = 0;
		};
		971922ED1C6D66C1000987B8 /* Sources */ = {
			isa = PBXSourcesBuildPhase;
			buildActionMask = 2147483647;
			files = (
				971922F61C6D66C1000987B8 /* Jumping_ManTests.swift in Sources */,
			);
			runOnlyForDeploymentPostprocessing = 0;
		};
		971922F81C6D66C1000987B8 /* Sources */ = {
			isa = PBXSourcesBuildPhase;
			buildActionMask = 2147483647;
			files = (
				971923011C6D66C1000987B8 /* Jumping_ManUITests.swift in Sources */,
			);
			runOnlyForDeploymentPostprocessing = 0;
		};
/* End PBXSourcesBuildPhase section */

/* Begin PBXTargetDependency section */
		971922F31C6D66C1000987B8 /* PBXTargetDependency */ = {
			isa = PBXTargetDependency;
			target = 971922DA1C6D66C1000987B8 /* Jumping Man */;
			targetProxy = 971922F21C6D66C1000987B8 /* PBXContainerItemProxy */;
		};
		971922FE1C6D66C1000987B8 /* PBXTargetDependency */ = {
			isa = PBXTargetDependency;
			target = 971922DA1C6D66C1000987B8 /* Jumping Man */;
			targetProxy = 971922FD1C6D66C1000987B8 /* PBXContainerItemProxy */;
		};
/* End PBXTargetDependency section */

/* Begin PBXVariantGroup section */
		971922E41C6D66C1000987B8 /* Main.storyboard */ = {
			isa = PBXVariantGroup;
			children = (
				971922E51C6D66C1000987B8 /* Base */,
			);
			name = Main.storyboard;
			sourceTree = "<group>";
		};
		971922E91C6D66C1000987B8 /* LaunchScreen.storyboard */ = {
			isa = PBXVariantGroup;
			children = (
				971922EA1C6D66C1000987B8 /* Base */,
			);
			name = LaunchScreen.storyboard;
			sourceTree = "<group>";
		};
/* End PBXVariantGroup section */

/* Begin XCBuildConfiguration section */
		971923031C6D66C1000987B8 /* Debug */ = {
			isa = XCBuildConfiguration;
			buildSettings = {
				ALWAYS_SEARCH_USER_PATHS = NO;
				CLANG_CXX_LANGUAGE_STANDARD = "gnu++0x";
				CLANG_CXX_LIBRARY = "libc++";
				CLANG_ENABLE_MODULES = YES;
				CLANG_ENABLE_OBJC_ARC = YES;
				CLANG_WARN_BOOL_CONVERSION = YES;
				CLANG_WARN_CONSTANT_CONVERSION = YES;
				CLANG_WARN_DIRECT_OBJC_ISA_USAGE = YES_ERROR;
				CLANG_WARN_EMPTY_BODY = YES;
				CLANG_WARN_ENUM_CONVERSION = YES;
				CLANG_WARN_INT_CONVERSION = YES;
				CLANG_WARN_OBJC_ROOT_CLASS = YES_ERROR;
				CLANG_WARN_UNREACHABLE_CODE = YES;
				CLANG_WARN__DUPLICATE_METHOD_MATCH = YES;
				"CODE_SIGN_IDENTITY[sdk=iphoneos*]" = "iPhone Developer";
				COPY_PHASE_STRIP = NO;
				DEBUG_INFORMATION_FORMAT = "dwarf-with-dsym";
				ENABLE_STRICT_OBJC_MSGSEND = YES;
				ENABLE_TESTABILITY = YES;
				GCC_C_LANGUAGE_STANDARD = gnu99;
				GCC_DYNAMIC_NO_PIC = NO;
				GCC_NO_COMMON_BLOCKS = YES;
				GCC_OPTIMIZATION_LEVEL = 0;
				GCC_PREPROCESSOR_DEFINITIONS = (
					"DEBUG=1",
					"$(inherited)",
				);
				GCC_WARN_64_TO_32_BIT_CONVERSION = YES;
				GCC_WARN_ABOUT_RETURN_TYPE = YES_ERROR;
				GCC_WARN_UNDECLARED_SELECTOR = YES;
				GCC_WARN_UNINITIALIZED_AUTOS = YES_AGGRESSIVE;
				GCC_WARN_UNUSED_FUNCTION = YES;
				GCC_WARN_UNUSED_VARIABLE = YES;
				IPHONEOS_DEPLOYMENT_TARGET = 9.2;
				MTL_ENABLE_DEBUG_INFO = YES;
				ONLY_ACTIVE_ARCH = YES;
				SDKROOT = iphoneos;
				SWIFT_OPTIMIZATION_LEVEL = "-Onone";
			};
			name = Debug;
		};
		971923041C6D66C1000987B8 /* Release */ = {
			isa = XCBuildConfiguration;
			buildSettings = {
				ALWAYS_SEARCH_USER_PATHS = NO;
				CLANG_CXX_LANGUAGE_STANDARD = "gnu++0x";
				CLANG_CXX_LIBRARY = "libc++";
				CLANG_ENABLE_MODULES = YES;
				CLANG_ENABLE_OBJC_ARC = YES;
				CLANG_WARN_BOOL_CONVERSION = YES;
				CLANG_WARN_CONSTANT_CONVERSION = YES;
				CLANG_WARN_DIRECT_OBJC_ISA_USAGE = YES_ERROR;
				CLANG_WARN_EMPTY_BODY = YES;
				CLANG_WARN_ENUM_CONVERSION = YES;
				CLANG_WARN_INT_CONVERSION = YES;
				CLANG_WARN_OBJC_ROOT_CLASS = YES_ERROR;
				CLANG_WARN_UNREACHABLE_CODE = YES;
				CLANG_WARN__DUPLICATE_METHOD_MATCH = YES;
				"CODE_SIGN_IDENTITY[sdk=iphoneos*]" = "iPhone Developer";
				COPY_PHASE_STRIP = NO;
				DEBUG_INFORMATION_FORMAT = "dwarf-with-dsym";
				ENABLE_NS_ASSERTIONS = NO;
				ENABLE_STRICT_OBJC_MSGSEND = YES;
				GCC_C_LANGUAGE_STANDARD = gnu99;
				GCC_NO_COMMON_BLOCKS = YES;
				GCC_WARN_64_TO_32_BIT_CONVERSION = YES;
				GCC_WARN_ABOUT_RETURN_TYPE = YES_ERROR;
				GCC_WARN_UNDECLARED_SELECTOR = YES;
				GCC_WARN_UNINITIALIZED_AUTOS = YES_AGGRESSIVE;
				GCC_WARN_UNUSED_FUNCTION = YES;
				GCC_WARN_UNUSED_VARIABLE = YES;
				IPHONEOS_DEPLOYMENT_TARGET = 9.2;
				MTL_ENABLE_DEBUG_INFO = NO;
				SDKROOT = iphoneos;
				VALIDATE_PRODUCT = YES;
			};
			name = Release;
		};
		971923061C6D66C1000987B8 /* Debug */ = {
			isa = XCBuildConfiguration;
			buildSettings = {
				ASSETCATALOG_COMPILER_APPICON_NAME = AppIcon;
				INFOPLIST_FILE = "Jumping Man/Info.plist";
				LD_RUNPATH_SEARCH_PATHS = "$(inherited) @executable_path/Frameworks";
				PRODUCT_BUNDLE_IDENTIFIER = "com.CMSDevelopment.Jumping-Man";
				PRODUCT_NAME = "$(TARGET_NAME)";
			};
			name = Debug;
		};
		971923071C6D66C1000987B8 /* Release */ = {
			isa = XCBuildConfiguration;
			buildSettings = {
				ASSETCATALOG_COMPILER_APPICON_NAME = AppIcon;
				INFOPLIST_FILE = "Jumping Man/Info.plist";
				LD_RUNPATH_SEARCH_PATHS = "$(inherited) @executable_path/Frameworks";
				PRODUCT_BUNDLE_IDENTIFIER = "com.CMSDevelopment.Jumping-Man";
				PRODUCT_NAME = "$(TARGET_NAME)";
			};
			name = Release;
		};
		971923091C6D66C1000987B8 /* Debug */ = {
			isa = XCBuildConfiguration;
			buildSettings = {
				BUNDLE_LOADER = "$(TEST_HOST)";
				DEBUG_INFORMATION_FORMAT = dwarf;
				INFOPLIST_FILE = "Jumping ManTests/Info.plist";
				LD_RUNPATH_SEARCH_PATHS = "$(inherited) @executable_path/Frameworks @loader_path/Frameworks";
				PRODUCT_BUNDLE_IDENTIFIER = "com.CMSDevelopment.Jumping-ManTests";
				PRODUCT_NAME = "$(TARGET_NAME)";
				TEST_HOST = "$(BUILT_PRODUCTS_DIR)/Jumping Man.app/Jumping Man";
			};
			name = Debug;
		};
		9719230A1C6D66C1000987B8 /* Release */ = {
			isa = XCBuildConfiguration;
			buildSettings = {
				BUNDLE_LOADER = "$(TEST_HOST)";
				INFOPLIST_FILE = "Jumping ManTests/Info.plist";
				LD_RUNPATH_SEARCH_PATHS = "$(inherited) @executable_path/Frameworks @loader_path/Frameworks";
				PRODUCT_BUNDLE_IDENTIFIER = "com.CMSDevelopment.Jumping-ManTests";
				PRODUCT_NAME = "$(TARGET_NAME)";
				TEST_HOST = "$(BUILT_PRODUCTS_DIR)/Jumping Man.app/Jumping Man";
			};
			name = Release;
		};
		9719230C1C6D66C1000987B8 /* Debug */ = {
			isa = XCBuildConfiguration;
			buildSettings = {
				DEBUG_INFORMATION_FORMAT = dwarf;
				INFOPLIST_FILE = "Jumping ManUITests/Info.plist";
				LD_RUNPATH_SEARCH_PATHS = "$(inherited) @executable_path/Frameworks @loader_path/Frameworks";
				PRODUCT_BUNDLE_IDENTIFIER = "com.CMSDevelopment.Jumping-ManUITests";
				PRODUCT_NAME = "$(TARGET_NAME)";
				TEST_TARGET_NAME = "Jumping Man";
				USES_XCTRUNNER = YES;
			};
			name = Debug;
		};
		9719230D1C6D66C1000987B8 /* Release */ = {
			isa = XCBuildConfiguration;
			buildSettings = {
				INFOPLIST_FILE = "Jumping ManUITests/Info.plist";
				LD_RUNPATH_SEARCH_PATHS = "$(inherited) @executable_path/Frameworks @loader_path/Frameworks";
				PRODUCT_BUNDLE_IDENTIFIER = "com.CMSDevelopment.Jumping-ManUITests";
				PRODUCT_NAME = "$(TARGET_NAME)";
				TEST_TARGET_NAME = "Jumping Man";
				USES_XCTRUNNER = YES;
			};
			name = Release;
		};
/* End XCBuildConfiguration section */

/* Begin XCConfigurationList section */
		971922D61C6D66C1000987B8 /* Build configuration list for PBXProject "Jumping Man" */ = {
			isa = XCConfigurationList;
			buildConfigurations = (
				971923031C6D66C1000987B8 /* Debug */,
				971923041C6D66C1000987B8 /* Release */,
			);
			defaultConfigurationIsVisible = 0;
			defaultConfigurationName = Release;
		};
		971923051C6D66C1000987B8 /* Build configuration list for PBXNativeTarget "Jumping Man" */ = {
			isa = XCConfigurationList;
			buildConfigurations = (
				971923061C6D66C1000987B8 /* Debug */,
				971923071C6D66C1000987B8 /* Release */,
			);
			defaultConfigurationIsVisible = 0;
		};
		971923081C6D66C1000987B8 /* Build configuration list for PBXNativeTarget "Jumping ManTests" */ = {
			isa = XCConfigurationList;
			buildConfigurations = (
				971923091C6D66C1000987B8 /* Debug */,
				9719230A1C6D66C1000987B8 /* Release */,
			);
			defaultConfigurationIsVisible = 0;
		};
		9719230B1C6D66C1000987B8 /* Build configuration list for PBXNativeTarget "Jumping ManUITests" */ = {
			isa = XCConfigurationList;
			buildConfigurations = (
				9719230C1C6D66C1000987B8 /* Debug */,
				9719230D1C6D66C1000987B8 /* Release */,
			);
			defaultConfigurationIsVisible = 0;
		};
/* End XCConfigurationList section */
	};
	rootObject = 971922D31C6D66C1000987B8 /* Project object */;
}
